// !$*UTF8*$!
{
	archiveVersion = 1;
	classes = {
	};
	objectVersion = 46;
	objects = {

/* Begin PBXBuildFile section */
		492C07441F35553A0039EC59 /* CGPoint+Helper.swift in Sources */ = {isa = PBXBuildFile; fileRef = 492C07431F35553A0039EC59 /* CGPoint+Helper.swift */; };
		492C07481F3559DD0039EC59 /* SearchIconLayer.swift in Sources */ = {isa = PBXBuildFile; fileRef = 492C07461F3559DD0039EC59 /* SearchIconLayer.swift */; };
		492C07491F3559DD0039EC59 /* SearchIconView.swift in Sources */ = {isa = PBXBuildFile; fileRef = 492C07471F3559DD0039EC59 /* SearchIconView.swift */; };
		492C074C1F355A110039EC59 /* HamburgerIconLayer.swift in Sources */ = {isa = PBXBuildFile; fileRef = 492C074B1F355A110039EC59 /* HamburgerIconLayer.swift */; };
		492C074E1F355EA70039EC59 /* HamburgerIconView.swift in Sources */ = {isa = PBXBuildFile; fileRef = 492C074D1F355EA70039EC59 /* HamburgerIconView.swift */; };
		4940C28B1F331CC4009F2722 /* AppDelegate.swift in Sources */ = {isa = PBXBuildFile; fileRef = 4940C28A1F331CC4009F2722 /* AppDelegate.swift */; };
		4940C28D1F331CC4009F2722 /* ViewController.swift in Sources */ = {isa = PBXBuildFile; fileRef = 4940C28C1F331CC4009F2722 /* ViewController.swift */; };
		4940C2901F331CC4009F2722 /* Main.storyboard in Resources */ = {isa = PBXBuildFile; fileRef = 4940C28E1F331CC4009F2722 /* Main.storyboard */; };
		4940C2921F331CC4009F2722 /* Assets.xcassets in Resources */ = {isa = PBXBuildFile; fileRef = 4940C2911F331CC4009F2722 /* Assets.xcassets */; };
		4940C2951F331CC4009F2722 /* LaunchScreen.storyboard in Resources */ = {isa = PBXBuildFile; fileRef = 4940C2931F331CC4009F2722 /* LaunchScreen.storyboard */; };
		499AF5DE1F3639F600DF1515 /* GridIconLayer.swift in Sources */ = {isa = PBXBuildFile; fileRef = 499AF5DD1F3639F600DF1515 /* GridIconLayer.swift */; };
		499AF5E21F363C0200DF1515 /* IconLayer.swift in Sources */ = {isa = PBXBuildFile; fileRef = 499AF5E11F363C0200DF1515 /* IconLayer.swift */; };
		499AF5E41F36755400DF1515 /* GridIconView.swift in Sources */ = {isa = PBXBuildFile; fileRef = 499AF5E31F36755400DF1515 /* GridIconView.swift */; };
		499AF5E61F36759100DF1515 /* IconView.swift in Sources */ = {isa = PBXBuildFile; fileRef = 499AF5E51F36759100DF1515 /* IconView.swift */; };
/* End PBXBuildFile section */

/* Begin PBXFileReference section */
		492C07431F35553A0039EC59 /* CGPoint+Helper.swift */ = {isa = PBXFileReference; fileEncoding = 4; lastKnownFileType = sourcecode.swift; path = "CGPoint+Helper.swift"; sourceTree = "<group>"; };
		492C07461F3559DD0039EC59 /* SearchIconLayer.swift */ = {isa = PBXFileReference; fileEncoding = 4; lastKnownFileType = sourcecode.swift; path = SearchIconLayer.swift; sourceTree = "<group>"; };
		492C07471F3559DD0039EC59 /* SearchIconView.swift */ = {isa = PBXFileReference; fileEncoding = 4; lastKnownFileType = sourcecode.swift; path = SearchIconView.swift; sourceTree = "<group>"; };
		492C074B1F355A110039EC59 /* HamburgerIconLayer.swift */ = {isa = PBXFileReference; fileEncoding = 4; lastKnownFileType = sourcecode.swift; path = HamburgerIconLayer.swift; sourceTree = "<group>"; };
		492C074D1F355EA70039EC59 /* HamburgerIconView.swift */ = {isa = PBXFileReference; fileEncoding = 4; lastKnownFileType = sourcecode.swift; path = HamburgerIconView.swift; sourceTree = "<group>"; };
		4940C2871F331CC4009F2722 /* Draw.app */ = {isa = PBXFileReference; explicitFileType = wrapper.application; includeInIndex = 0; path = Draw.app; sourceTree = BUILT_PRODUCTS_DIR; };
		4940C28A1F331CC4009F2722 /* AppDelegate.swift */ = {isa = PBXFileReference; lastKnownFileType = sourcecode.swift; path = AppDelegate.swift; sourceTree = "<group>"; };
		4940C28C1F331CC4009F2722 /* ViewController.swift */ = {isa = PBXFileReference; lastKnownFileType = sourcecode.swift; path = ViewController.swift; sourceTree = "<group>"; };
		4940C28F1F331CC4009F2722 /* Base */ = {isa = PBXFileReference; lastKnownFileType = file.storyboard; name = Base; path = Base.lproj/Main.storyboard; sourceTree = "<group>"; };
		4940C2911F331CC4009F2722 /* Assets.xcassets */ = {isa = PBXFileReference; lastKnownFileType = folder.assetcatalog; path = Assets.xcassets; sourceTree = "<group>"; };
		4940C2941F331CC4009F2722 /* Base */ = {isa = PBXFileReference; lastKnownFileType = file.storyboard; name = Base; path = Base.lproj/LaunchScreen.storyboard; sourceTree = "<group>"; };
		4940C2961F331CC4009F2722 /* Info.plist */ = {isa = PBXFileReference; lastKnownFileType = text.plist.xml; path = Info.plist; sourceTree = "<group>"; };
		499AF5DD1F3639F600DF1515 /* GridIconLayer.swift */ = {isa = PBXFileReference; fileEncoding = 4; lastKnownFileType = sourcecode.swift; path = GridIconLayer.swift; sourceTree = "<group>"; };
		499AF5E11F363C0200DF1515 /* IconLayer.swift */ = {isa = PBXFileReference; fileEncoding = 4; lastKnownFileType = sourcecode.swift; path = IconLayer.swift; sourceTree = "<group>"; };
		499AF5E31F36755400DF1515 /* GridIconView.swift */ = {isa = PBXFileReference; fileEncoding = 4; lastKnownFileType = sourcecode.swift; path = GridIconView.swift; sourceTree = "<group>"; };
		499AF5E51F36759100DF1515 /* IconView.swift */ = {isa = PBXFileReference; fileEncoding = 4; lastKnownFileType = sourcecode.swift; path = IconView.swift; sourceTree = "<group>"; };
/* End PBXFileReference section */

/* Begin PBXFrameworksBuildPhase section */
		4940C2841F331CC4009F2722 /* Frameworks */ = {
			isa = PBXFrameworksBuildPhase;
			buildActionMask = 2147483647;
			files = (
			);
			runOnlyForDeploymentPostprocessing = 0;
		};
/* End PBXFrameworksBuildPhase section */

/* Begin PBXGroup section */
		492C07421F35553A0039EC59 /* Extensions */ = {
			isa = PBXGroup;
			children = (
				492C07431F35553A0039EC59 /* CGPoint+Helper.swift */,
			);
			path = Extensions;
			sourceTree = "<group>";
		};
		492C07451F3559DD0039EC59 /* Search */ = {
			isa = PBXGroup;
			children = (
				492C07471F3559DD0039EC59 /* SearchIconView.swift */,
				492C07461F3559DD0039EC59 /* SearchIconLayer.swift */,
			);
			path = Search;
			sourceTree = "<group>";
		};
		492C074A1F3559F50039EC59 /* Hamburger */ = {
			isa = PBXGroup;
			children = (
				492C074D1F355EA70039EC59 /* HamburgerIconView.swift */,
				492C074B1F355A110039EC59 /* HamburgerIconLayer.swift */,
			);
			path = Hamburger;
			sourceTree = "<group>";
		};
		4940C27E1F331CC4009F2722 = {
			isa = PBXGroup;
			children = (
				4940C2891F331CC4009F2722 /* Draw */,
				4940C2881F331CC4009F2722 /* Products */,
			);
			sourceTree = "<group>";
		};
		4940C2881F331CC4009F2722 /* Products */ = {
			isa = PBXGroup;
			children = (
				4940C2871F331CC4009F2722 /* Draw.app */,
			);
			name = Products;
			sourceTree = "<group>";
		};
		4940C2891F331CC4009F2722 /* Draw */ = {
			isa = PBXGroup;
			children = (
				4940C28A1F331CC4009F2722 /* AppDelegate.swift */,
				4940C28C1F331CC4009F2722 /* ViewController.swift */,
				492C07421F35553A0039EC59 /* Extensions */,
				4940C29C1F331D55009F2722 /* Icons */,
				4940C28E1F331CC4009F2722 /* Main.storyboard */,
				4940C2911F331CC4009F2722 /* Assets.xcassets */,
				4940C2931F331CC4009F2722 /* LaunchScreen.storyboard */,
				4940C2961F331CC4009F2722 /* Info.plist */,
			);
			path = Draw;
			sourceTree = "<group>";
		};
		4940C29C1F331D55009F2722 /* Icons */ = {
			isa = PBXGroup;
			children = (
				499AF5E51F36759100DF1515 /* IconView.swift */,
				499AF5E11F363C0200DF1515 /* IconLayer.swift */,
				499AF5DC1F3639E800DF1515 /* Grid */,
				492C074A1F3559F50039EC59 /* Hamburger */,
				492C07451F3559DD0039EC59 /* Search */,
			);
			path = Icons;
			sourceTree = "<group>";
		};
		499AF5DC1F3639E800DF1515 /* Grid */ = {
			isa = PBXGroup;
			children = (
				499AF5E31F36755400DF1515 /* GridIconView.swift */,
				499AF5DD1F3639F600DF1515 /* GridIconLayer.swift */,
			);
			path = Grid;
			sourceTree = "<group>";
		};
/* End PBXGroup section */

/* Begin PBXNativeTarget section */
		4940C2861F331CC4009F2722 /* Draw */ = {
			isa = PBXNativeTarget;
			buildConfigurationList = 4940C2991F331CC4009F2722 /* Build configuration list for PBXNativeTarget "Draw" */;
			buildPhases = (
				4940C2831F331CC4009F2722 /* Sources */,
				4940C2841F331CC4009F2722 /* Frameworks */,
				4940C2851F331CC4009F2722 /* Resources */,
			);
			buildRules = (
			);
			dependencies = (
			);
			name = Draw;
			productName = Draw;
			productReference = 4940C2871F331CC4009F2722 /* Draw.app */;
			productType = "com.apple.product-type.application";
		};
/* End PBXNativeTarget section */

/* Begin PBXProject section */
		4940C27F1F331CC4009F2722 /* Project object */ = {
			isa = PBXProject;
			attributes = {
				LastSwiftUpdateCheck = 0830;
				LastUpgradeCheck = 0830;
				ORGANIZATIONNAME = "Si Ma";
				TargetAttributes = {
					4940C2861F331CC4009F2722 = {
						CreatedOnToolsVersion = 8.3.3;
						DevelopmentTeam = UW39E2GE7A;
						ProvisioningStyle = Automatic;
					};
				};
			};
			buildConfigurationList = 4940C2821F331CC4009F2722 /* Build configuration list for PBXProject "Draw" */;
			compatibilityVersion = "Xcode 3.2";
			developmentRegion = English;
			hasScannedForEncodings = 0;
			knownRegions = (
				en,
				Base,
			);
			mainGroup = 4940C27E1F331CC4009F2722;
			productRefGroup = 4940C2881F331CC4009F2722 /* Products */;
			projectDirPath = "";
			projectRoot = "";
			targets = (
				4940C2861F331CC4009F2722 /* Draw */,
			);
		};
/* End PBXProject section */

/* Begin PBXResourcesBuildPhase section */
		4940C2851F331CC4009F2722 /* Resources */ = {
			isa = PBXResourcesBuildPhase;
			buildActionMask = 2147483647;
			files = (
				4940C2951F331CC4009F2722 /* LaunchScreen.storyboard in Resources */,
				4940C2921F331CC4009F2722 /* Assets.xcassets in Resources */,
				4940C2901F331CC4009F2722 /* Main.storyboard in Resources */,
			);
			runOnlyForDeploymentPostprocessing = 0;
		};
/* End PBXResourcesBuildPhase section */

/* Begin PBXSourcesBuildPhase section */
		4940C2831F331CC4009F2722 /* Sources */ = {
			isa = PBXSourcesBuildPhase;
			buildActionMask = 2147483647;
			files = (
				499AF5E21F363C0200DF1515 /* IconLayer.swift in Sources */,
				492C074E1F355EA70039EC59 /* HamburgerIconView.swift in Sources */,
				492C07491F3559DD0039EC59 /* SearchIconView.swift in Sources */,
				499AF5DE1F3639F600DF1515 /* GridIconLayer.swift in Sources */,
				492C07481F3559DD0039EC59 /* SearchIconLayer.swift in Sources */,
				499AF5E61F36759100DF1515 /* IconView.swift in Sources */,
				499AF5E41F36755400DF1515 /* GridIconView.swift in Sources */,
				492C074C1F355A110039EC59 /* HamburgerIconLayer.swift in Sources */,
				492C07441F35553A0039EC59 /* CGPoint+Helper.swift in Sources */,
				4940C28D1F331CC4009F2722 /* ViewController.swift in Sources */,
				4940C28B1F331CC4009F2722 /* AppDelegate.swift in Sources */,
			);
			runOnlyForDeploymentPostprocessing = 0;
		};
/* End PBXSourcesBuildPhase section */

/* Begin PBXVariantGroup section */
		4940C28E1F331CC4009F2722 /* Main.storyboard */ = {
			isa = PBXVariantGroup;
			children = (
				4940C28F1F331CC4009F2722 /* Base */,
			);
			name = Main.storyboard;
			sourceTree = "<group>";
		};
		4940C2931F331CC4009F2722 /* LaunchScreen.storyboard */ = {
			isa = PBXVariantGroup;
			children = (
				4940C2941F331CC4009F2722 /* Base */,
			);
			name = LaunchScreen.storyboard;
			sourceTree = "<group>";
		};
/* End PBXVariantGroup section */

/* Begin XCBuildConfiguration section */
		4940C2971F331CC4009F2722 /* Debug */ = {
			isa = XCBuildConfiguration;
			buildSettings = {
				ALWAYS_SEARCH_USER_PATHS = NO;
				CLANG_ANALYZER_NONNULL = YES;
				CLANG_ANALYZER_NUMBER_OBJECT_CONVERSION = YES_AGGRESSIVE;
				CLANG_CXX_LANGUAGE_STANDARD = "gnu++0x";
				CLANG_CXX_LIBRARY = "libc++";
				CLANG_ENABLE_MODULES = YES;
				CLANG_ENABLE_OBJC_ARC = YES;
				CLANG_WARN_BOOL_CONVERSION = YES;
				CLANG_WARN_CONSTANT_CONVERSION = YES;
				CLANG_WARN_DIRECT_OBJC_ISA_USAGE = YES_ERROR;
				CLANG_WARN_DOCUMENTATION_COMMENTS = YES;
				CLANG_WARN_EMPTY_BODY = YES;
				CLANG_WARN_ENUM_CONVERSION = YES;
				CLANG_WARN_INFINITE_RECURSION = YES;
				CLANG_WARN_INT_CONVERSION = YES;
				CLANG_WARN_OBJC_ROOT_CLASS = YES_ERROR;
				CLANG_WARN_SUSPICIOUS_MOVE = YES;
				CLANG_WARN_UNREACHABLE_CODE = YES;
				CLANG_WARN__DUPLICATE_METHOD_MATCH = YES;
				"CODE_SIGN_IDENTITY[sdk=iphoneos*]" = "iPhone Developer";
				COPY_PHASE_STRIP = NO;
				DEBUG_INFORMATION_FORMAT = dwarf;
				ENABLE_STRICT_OBJC_MSGSEND = YES;
				ENABLE_TESTABILITY = YES;
				GCC_C_LANGUAGE_STANDARD = gnu99;
				GCC_DYNAMIC_NO_PIC = NO;
				GCC_NO_COMMON_BLOCKS = YES;
				GCC_OPTIMIZATION_LEVEL = 0;
				GCC_PREPROCESSOR_DEFINITIONS = (
					"DEBUG=1",
					"$(inherited)",
				);
				GCC_WARN_64_TO_32_BIT_CONVERSION = YES;
				GCC_WARN_ABOUT_RETURN_TYPE = YES_ERROR;
				GCC_WARN_UNDECLARED_SELECTOR = YES;
				GCC_WARN_UNINITIALIZED_AUTOS = YES_AGGRESSIVE;
				GCC_WARN_UNUSED_FUNCTION = YES;
				GCC_WARN_UNUSED_VARIABLE = YES;
				IPHONEOS_DEPLOYMENT_TARGET = 10.3;
				MTL_ENABLE_DEBUG_INFO = YES;
				ONLY_ACTIVE_ARCH = YES;
				SDKROOT = iphoneos;
				SWIFT_ACTIVE_COMPILATION_CONDITIONS = DEBUG;
				SWIFT_OPTIMIZATION_LEVEL = "-Onone";
				TARGETED_DEVICE_FAMILY = "1,2";
			};
			name = Debug;
		};
		4940C2981F331CC4009F2722 /* Release */ = {
			isa = XCBuildConfiguration;
			buildSettings = {
				ALWAYS_SEARCH_USER_PATHS = NO;
				CLANG_ANALYZER_NONNULL = YES;
				CLANG_ANALYZER_NUMBER_OBJECT_CONVERSION = YES_AGGRESSIVE;
				CLANG_CXX_LANGUAGE_STANDARD = "gnu++0x";
				CLANG_CXX_LIBRARY = "libc++";
				CLANG_ENABLE_MODULES = YES;
				CLANG_ENABLE_OBJC_ARC = YES;
				CLANG_WARN_BOOL_CONVERSION = YES;
				CLANG_WARN_CONSTANT_CONVERSION = YES;
				CLANG_WARN_DIRECT_OBJC_ISA_USAGE = YES_ERROR;
				CLANG_WARN_DOCUMENTATION_COMMENTS = YES;
				CLANG_WARN_EMPTY_BODY = YES;
				CLANG_WARN_ENUM_CONVERSION = YES;
				CLANG_WARN_INFINITE_RECURSION = YES;
				CLANG_WARN_INT_CONVERSION = YES;
				CLANG_WARN_OBJC_ROOT_CLASS = YES_ERROR;
				CLANG_WARN_SUSPICIOUS_MOVE = YES;
				CLANG_WARN_UNREACHABLE_CODE = YES;
				CLANG_WARN__DUPLICATE_METHOD_MATCH = YES;
				"CODE_SIGN_IDENTITY[sdk=iphoneos*]" = "iPhone Developer";
				COPY_PHASE_STRIP = NO;
				DEBUG_INFORMATION_FORMAT = "dwarf-with-dsym";
				ENABLE_NS_ASSERTIONS = NO;
				ENABLE_STRICT_OBJC_MSGSEND = YES;
				GCC_C_LANGUAGE_STANDARD = gnu99;
				GCC_NO_COMMON_BLOCKS = YES;
				GCC_WARN_64_TO_32_BIT_CONVERSION = YES;
				GCC_WARN_ABOUT_RETURN_TYPE = YES_ERROR;
				GCC_WARN_UNDECLARED_SELECTOR = YES;
				GCC_WARN_UNINITIALIZED_AUTOS = YES_AGGRESSIVE;
				GCC_WARN_UNUSED_FUNCTION = YES;
				GCC_WARN_UNUSED_VARIABLE = YES;
				IPHONEOS_DEPLOYMENT_TARGET = 10.3;
				MTL_ENABLE_DEBUG_INFO = NO;
				SDKROOT = iphoneos;
				SWIFT_OPTIMIZATION_LEVEL = "-Owholemodule";
				TARGETED_DEVICE_FAMILY = "1,2";
				VALIDATE_PRODUCT = YES;
			};
			name = Release;
		};
		4940C29A1F331CC4009F2722 /* Debug */ = {
			isa = XCBuildConfiguration;
			buildSettings = {
				ASSETCATALOG_COMPILER_APPICON_NAME = AppIcon;
				DEVELOPMENT_TEAM = UW39E2GE7A;
				INFOPLIST_FILE = Draw/Info.plist;
				LD_RUNPATH_SEARCH_PATHS = "$(inherited) @executable_path/Frameworks";
				PRODUCT_BUNDLE_IDENTIFIER = com.sima.Draw;
				PRODUCT_NAME = "$(TARGET_NAME)";
				SWIFT_VERSION = 3.0;
			};
			name = Debug;
		};
		4940C29B1F331CC4009F2722 /* Release */ = {
			isa = XCBuildConfiguration;
			buildSettings = {
				ASSETCATALOG_COMPILER_APPICON_NAME = AppIcon;
				DEVELOPMENT_TEAM = UW39E2GE7A;
				INFOPLIST_FILE = Draw/Info.plist;
				LD_RUNPATH_SEARCH_PATHS = "$(inherited) @executable_path/Frameworks";
				PRODUCT_BUNDLE_IDENTIFIER = com.sima.Draw;
				PRODUCT_NAME = "$(TARGET_NAME)";
				SWIFT_VERSION = 3.0;
			};
			name = Release;
		};
/* End XCBuildConfiguration section */

/* Begin XCConfigurationList section */
		4940C2821F331CC4009F2722 /* Build configuration list for PBXProject "Draw" */ = {
			isa = XCConfigurationList;
			buildConfigurations = (
				4940C2971F331CC4009F2722 /* Debug */,
				4940C2981F331CC4009F2722 /* Release */,
			);
			defaultConfigurationIsVisible = 0;
			defaultConfigurationName = Release;
		};
		4940C2991F331CC4009F2722 /* Build configuration list for PBXNativeTarget "Draw" */ = {
			isa = XCConfigurationList;
			buildConfigurations = (
				4940C29A1F331CC4009F2722 /* Debug */,
				4940C29B1F331CC4009F2722 /* Release */,
			);
			defaultConfigurationIsVisible = 0;
			defaultConfigurationName = Release;
		};
/* End XCConfigurationList section */
	};
	rootObject = 4940C27F1F331CC4009F2722 /* Project object */;
}
